
Microsoft Visual Studio Solution File, Format Version 12.00
# Visual Studio Version 17
VisualStudioVersion = 17.3.32929.385
MinimumVisualStudioVersion = 10.0.40219.1
Project("{FAE04EC0-301F-11D3-BF4B-00C04F79EFBC}") = "temprature", "temprature\temprature.csproj", "{76C1962B-2A6C-44BE-BA16-36D319322D66}"
EndProject
Global
	GlobalSection(SolutionConfigurationPlatforms) = preSolution
		Debug|Any CPU = Debug|Any CPU
		Release|Any CPU = Release|Any CPU
	EndGlobalSection
	GlobalSection(ProjectConfigurationPlatforms) = postSolution
		{76C1962B-2A6C-44BE-BA16-36D319322D66}.Debug|Any CPU.ActiveCfg = Debug|Any CPU
		{76C1962B-2A6C-44BE-BA16-36D319322D66}.Debug|Any CPU.Build.0 = Debug|Any CPU
		{76C1962B-2A6C-44BE-BA16-36D319322D66}.Release|Any CPU.ActiveCfg = Release|Any CPU
		{76C1962B-2A6C-44BE-BA16-36D319322D66}.Release|Any CPU.Build.0 = Release|Any CPU
	EndGlobalSection
	GlobalSection(SolutionProperties) = preSolution
		HideSolutionNode = FALSE
	EndGlobalSection
	GlobalSection(ExtensibilityGlobals) = postSolution
		SolutionGuid = {4698487C-40EB-41E8-846D-33674FC0F677}
	EndGlobalSection
EndGlobal
